
Microsoft Visual Studio Solution File, Format Version 12.00
# Visual Studio Version 17
VisualStudioVersion = 17.0.31912.275
MinimumVisualStudioVersion = 10.0.40219.1
Project("{FAE04EC0-301F-11D3-BF4B-00C04F79EFBC}") = "Day06", "Day06\Day06.csproj", "{C34680B0-9E13-49F0-990B-996EC5410BF5}"
EndProject
Global
	GlobalSection(SolutionConfigurationPlatforms) = preSolution
		Debug|Any CPU = Debug|Any CPU
		Debug|x64 = Debug|x64
		Release|Any CPU = Release|Any CPU
		Release|x64 = Release|x64
	EndGlobalSection
	GlobalSection(ProjectConfigurationPlatforms) = postSolution
		{C34680B0-9E13-49F0-990B-996EC5410BF5}.Debug|Any CPU.ActiveCfg = Debug|Any CPU
		{C34680B0-9E13-49F0-990B-996EC5410BF5}.Debug|Any CPU.Build.0 = Debug|Any CPU
		{C34680B0-9E13-49F0-990B-996EC5410BF5}.Debug|x64.ActiveCfg = Debug|x64
		{C34680B0-9E13-49F0-990B-996EC5410BF5}.Debug|x64.Build.0 = Debug|x64
		{C34680B0-9E13-49F0-990B-996EC5410BF5}.Release|Any CPU.ActiveCfg = Release|Any CPU
		{C34680B0-9E13-49F0-990B-996EC5410BF5}.Release|Any CPU.Build.0 = Release|Any CPU
		{C34680B0-9E13-49F0-990B-996EC5410BF5}.Release|x64.ActiveCfg = Release|x64
		{C34680B0-9E13-49F0-990B-996EC5410BF5}.Release|x64.Build.0 = Release|x64
	EndGlobalSection
	GlobalSection(SolutionProperties) = preSolution
		HideSolutionNode = FALSE
	EndGlobalSection
	GlobalSection(ExtensibilityGlobals) = postSolution
		SolutionGuid = {86C8CA6F-0334-4E02-95A2-569B1E421DC0}
	EndGlobalSection
EndGlobal
